PODS:
  - SwiftyTesseract (2.0.1)

DEPENDENCIES:
  - SwiftyTesseract (~> 2.0)

SPEC REPOS:
  https://github.com/cocoapods/specs.git:
    - SwiftyTesseract

SPEC CHECKSUMS:
  SwiftyTesseract: f0e6b1b3036af44c01b9ba488463305b196106a6

PODFILE CHECKSUM: 2a9ca2d80d864a2d1d41a3e65ae198c038cb8677

COCOAPODS: 1.5.2
